
Microsoft Visual Studio Solution File, Format Version 12.00
# Visual Studio Version 17
VisualStudioVersion = 17.4.33205.214
MinimumVisualStudioVersion = 10.0.40219.1
Project("{FAE04EC0-301F-11D3-BF4B-00C04F79EFBC}") = "P-CL", "P-CL\P-CL.csproj", "{C8FC348A-A1A6-42EE-B72C-8142B4350E83}"
EndProject
Project("{FAE04EC0-301F-11D3-BF4B-00C04F79EFBC}") = "ClassLibrary1", "P-CL\bin\Debug\net6.0\ClassLibrary1\ClassLibrary1.csproj", "{756932C0-02D6-4EDB-A807-4AC2632A7EEB}"
EndProject
Global
	GlobalSection(SolutionConfigurationPlatforms) = preSolution
		Debug|Any CPU = Debug|Any CPU
		Release|Any CPU = Release|Any CPU
	EndGlobalSection
	GlobalSection(ProjectConfigurationPlatforms) = postSolution
		{C8FC348A-A1A6-42EE-B72C-8142B4350E83}.Debug|Any CPU.ActiveCfg = Debug|Any CPU
		{C8FC348A-A1A6-42EE-B72C-8142B4350E83}.Debug|Any CPU.Build.0 = Debug|Any CPU
		{C8FC348A-A1A6-42EE-B72C-8142B4350E83}.Release|Any CPU.ActiveCfg = Release|Any CPU
		{C8FC348A-A1A6-42EE-B72C-8142B4350E83}.Release|Any CPU.Build.0 = Release|Any CPU
		{756932C0-02D6-4EDB-A807-4AC2632A7EEB}.Debug|Any CPU.ActiveCfg = Debug|Any CPU
		{756932C0-02D6-4EDB-A807-4AC2632A7EEB}.Debug|Any CPU.Build.0 = Debug|Any CPU
		{756932C0-02D6-4EDB-A807-4AC2632A7EEB}.Release|Any CPU.ActiveCfg = Release|Any CPU
		{756932C0-02D6-4EDB-A807-4AC2632A7EEB}.Release|Any CPU.Build.0 = Release|Any CPU
	EndGlobalSection
	GlobalSection(SolutionProperties) = preSolution
		HideSolutionNode = FALSE
	EndGlobalSection
	GlobalSection(ExtensibilityGlobals) = postSolution
		SolutionGuid = {289EBF3C-A32F-4554-BB81-EF37452A203C}
	EndGlobalSection
EndGlobal
